
Microsoft Visual Studio Solution File, Format Version 12.00
# Visual Studio 15
VisualStudioVersion = 15.0.26228.9
MinimumVisualStudioVersion = 10.0.40219.1
Project("{FAE04EC0-301F-11D3-BF4B-00C04F79EFBC}") = "SiwakeApp", "PrismUnityApp1\PrismUnityApp1\SiwakeApp.csproj", "{0A17D118-4318-451A-85C0-6464C155552D}"
EndProject
Project("{FAE04EC0-301F-11D3-BF4B-00C04F79EFBC}") = "SiwakeApp.Droid", "PrismUnityApp1\PrismUnityApp1.Droid\SiwakeApp.Droid.csproj", "{6578329B-28AA-49BF-B78B-26B59C23B753}"
EndProject
Project("{FAE04EC0-301F-11D3-BF4B-00C04F79EFBC}") = "SiwakeApp.UWP", "PrismUnityApp1\PrismUnityApp1.UWP\SiwakeApp.UWP.csproj", "{4517F479-0482-49E9-AFBA-E2A3477E498A}"
EndProject
Global
	GlobalSection(SolutionConfigurationPlatforms) = preSolution
		Debug|Any CPU = Debug|Any CPU
		Debug|ARM = Debug|ARM
		Debug|x64 = Debug|x64
		Debug|x86 = Debug|x86
		Release|Any CPU = Release|Any CPU
		Release|ARM = Release|ARM
		Release|x64 = Release|x64
		Release|x86 = Release|x86
	EndGlobalSection
	GlobalSection(ProjectConfigurationPlatforms) = postSolution
		{0A17D118-4318-451A-85C0-6464C155552D}.Debug|Any CPU.ActiveCfg = Debug|Any CPU
		{0A17D118-4318-451A-85C0-6464C155552D}.Debug|Any CPU.Build.0 = Debug|Any CPU
		{0A17D118-4318-451A-85C0-6464C155552D}.Debug|ARM.ActiveCfg = Debug|Any CPU
		{0A17D118-4318-451A-85C0-6464C155552D}.Debug|ARM.Build.0 = Debug|Any CPU
		{0A17D118-4318-451A-85C0-6464C155552D}.Debug|x64.ActiveCfg = Debug|Any CPU
		{0A17D118-4318-451A-85C0-6464C155552D}.Debug|x64.Build.0 = Debug|Any CPU
		{0A17D118-4318-451A-85C0-6464C155552D}.Debug|x86.ActiveCfg = Debug|Any CPU
		{0A17D118-4318-451A-85C0-6464C155552D}.Debug|x86.Build.0 = Debug|Any CPU
		{0A17D118-4318-451A-85C0-6464C155552D}.Release|Any CPU.ActiveCfg = Release|Any CPU
		{0A17D118-4318-451A-85C0-6464C155552D}.Release|Any CPU.Build.0 = Release|Any CPU
		{0A17D118-4318-451A-85C0-6464C155552D}.Release|ARM.ActiveCfg = Release|Any CPU
		{0A17D118-4318-451A-85C0-6464C155552D}.Release|ARM.Build.0 = Release|Any CPU
		{0A17D118-4318-451A-85C0-6464C155552D}.Release|x64.ActiveCfg = Release|Any CPU
		{0A17D118-4318-451A-85C0-6464C155552D}.Release|x64.Build.0 = Release|Any CPU
		{0A17D118-4318-451A-85C0-6464C155552D}.Release|x86.ActiveCfg = Release|Any CPU
		{0A17D118-4318-451A-85C0-6464C155552D}.Release|x86.Build.0 = Release|Any CPU
		{6578329B-28AA-49BF-B78B-26B59C23B753}.Debug|Any CPU.ActiveCfg = Debug|Any CPU
		{6578329B-28AA-49BF-B78B-26B59C23B753}.Debug|Any CPU.Build.0 = Debug|Any CPU
		{6578329B-28AA-49BF-B78B-26B59C23B753}.Debug|Any CPU.Deploy.0 = Debug|Any CPU
		{6578329B-28AA-49BF-B78B-26B59C23B753}.Debug|ARM.ActiveCfg = Debug|Any CPU
		{6578329B-28AA-49BF-B78B-26B59C23B753}.Debug|ARM.Build.0 = Debug|Any CPU
		{6578329B-28AA-49BF-B78B-26B59C23B753}.Debug|ARM.Deploy.0 = Debug|Any CPU
		{6578329B-28AA-49BF-B78B-26B59C23B753}.Debug|x64.ActiveCfg = Debug|Any CPU
		{6578329B-28AA-49BF-B78B-26B59C23B753}.Debug|x64.Build.0 = Debug|Any CPU
		{6578329B-28AA-49BF-B78B-26B59C23B753}.Debug|x64.Deploy.0 = Debug|Any CPU
		{6578329B-28AA-49BF-B78B-26B59C23B753}.Debug|x86.ActiveCfg = Debug|Any CPU
		{6578329B-28AA-49BF-B78B-26B59C23B753}.Debug|x86.Build.0 = Debug|Any CPU
		{6578329B-28AA-49BF-B78B-26B59C23B753}.Debug|x86.Deploy.0 = Debug|Any CPU
		{6578329B-28AA-49BF-B78B-26B59C23B753}.Release|Any CPU.ActiveCfg = Release|Any CPU
		{6578329B-28AA-49BF-B78B-26B59C23B753}.Release|Any CPU.Build.0 = Release|Any CPU
		{6578329B-28AA-49BF-B78B-26B59C23B753}.Release|Any CPU.Deploy.0 = Release|Any CPU
		{6578329B-28AA-49BF-B78B-26B59C23B753}.Release|ARM.ActiveCfg = Release|Any CPU
		{6578329B-28AA-49BF-B78B-26B59C23B753}.Release|ARM.Build.0 = Release|Any CPU
		{6578329B-28AA-49BF-B78B-26B59C23B753}.Release|ARM.Deploy.0 = Release|Any CPU
		{6578329B-28AA-49BF-B78B-26B59C23B753}.Release|x64.ActiveCfg = Release|Any CPU
		{6578329B-28AA-49BF-B78B-26B59C23B753}.Release|x64.Build.0 = Release|Any CPU
		{6578329B-28AA-49BF-B78B-26B59C23B753}.Release|x64.Deploy.0 = Release|Any CPU
		{6578329B-28AA-49BF-B78B-26B59C23B753}.Release|x86.ActiveCfg = Release|Any CPU
		{6578329B-28AA-49BF-B78B-26B59C23B753}.Release|x86.Build.0 = Release|Any CPU
		{6578329B-28AA-49BF-B78B-26B59C23B753}.Release|x86.Deploy.0 = Release|Any CPU
		{4517F479-0482-49E9-AFBA-E2A3477E498A}.Debug|Any CPU.ActiveCfg = Debug|x86
		{4517F479-0482-49E9-AFBA-E2A3477E498A}.Debug|Any CPU.Build.0 = Debug|x86
		{4517F479-0482-49E9-AFBA-E2A3477E498A}.Debug|Any CPU.Deploy.0 = Debug|x86
		{4517F479-0482-49E9-AFBA-E2A3477E498A}.Debug|ARM.ActiveCfg = Debug|ARM
		{4517F479-0482-49E9-AFBA-E2A3477E498A}.Debug|ARM.Build.0 = Debug|ARM
		{4517F479-0482-49E9-AFBA-E2A3477E498A}.Debug|ARM.Deploy.0 = Debug|ARM
		{4517F479-0482-49E9-AFBA-E2A3477E498A}.Debug|x64.ActiveCfg = Debug|x64
		{4517F479-0482-49E9-AFBA-E2A3477E498A}.Debug|x64.Build.0 = Debug|x64
		{4517F479-0482-49E9-AFBA-E2A3477E498A}.Debug|x64.Deploy.0 = Debug|x64
		{4517F479-0482-49E9-AFBA-E2A3477E498A}.Debug|x86.ActiveCfg = Debug|x86
		{4517F479-0482-49E9-AFBA-E2A3477E498A}.Debug|x86.Build.0 = Debug|x86
		{4517F479-0482-49E9-AFBA-E2A3477E498A}.Debug|x86.Deploy.0 = Debug|x86
		{4517F479-0482-49E9-AFBA-E2A3477E498A}.Release|Any CPU.ActiveCfg = Release|x86
		{4517F479-0482-49E9-AFBA-E2A3477E498A}.Release|Any CPU.Build.0 = Release|x86
		{4517F479-0482-49E9-AFBA-E2A3477E498A}.Release|Any CPU.Deploy.0 = Release|x86
		{4517F479-0482-49E9-AFBA-E2A3477E498A}.Release|ARM.ActiveCfg = Release|ARM
		{4517F479-0482-49E9-AFBA-E2A3477E498A}.Release|ARM.Build.0 = Release|ARM
		{4517F479-0482-49E9-AFBA-E2A3477E498A}.Release|ARM.Deploy.0 = Release|ARM
		{4517F479-0482-49E9-AFBA-E2A3477E498A}.Release|x64.ActiveCfg = Release|x64
		{4517F479-0482-49E9-AFBA-E2A3477E498A}.Release|x64.Build.0 = Release|x64
		{4517F479-0482-49E9-AFBA-E2A3477E498A}.Release|x64.Deploy.0 = Release|x64
		{4517F479-0482-49E9-AFBA-E2A3477E498A}.Release|x86.ActiveCfg = Release|x86
		{4517F479-0482-49E9-AFBA-E2A3477E498A}.Release|x86.Build.0 = Release|x86
		{4517F479-0482-49E9-AFBA-E2A3477E498A}.Release|x86.Deploy.0 = Release|x86
	EndGlobalSection
	GlobalSection(SolutionProperties) = preSolution
		HideSolutionNode = FALSE
	EndGlobalSection
EndGlobal
